// !$*UTF8*$!
{
	archiveVersion = 1;
	classes = {
	};
	objectVersion = 50;
	objects = {

/* Begin PBXBuildFile section */
		22E1841A252A67D8007DEEBC /* AppDelegate.swift in Sources */ = {isa = PBXBuildFile; fileRef = 22E18419252A67D8007DEEBC /* AppDelegate.swift */; };
		22E1841C252A67D8007DEEBC /* SceneDelegate.swift in Sources */ = {isa = PBXBuildFile; fileRef = 22E1841B252A67D8007DEEBC /* SceneDelegate.swift */; };
		22E1841E252A67D8007DEEBC /* ContentView.swift in Sources */ = {isa = PBXBuildFile; fileRef = 22E1841D252A67D8007DEEBC /* ContentView.swift */; };
		22E18420252A67DA007DEEBC /* Assets.xcassets in Resources */ = {isa = PBXBuildFile; fileRef = 22E1841F252A67DA007DEEBC /* Assets.xcassets */; };
		22E18423252A67DA007DEEBC /* Preview Assets.xcassets in Resources */ = {isa = PBXBuildFile; fileRef = 22E18422252A67DA007DEEBC /* Preview Assets.xcassets */; };
		22E18426252A67DA007DEEBC /* LaunchScreen.storyboard in Resources */ = {isa = PBXBuildFile; fileRef = 22E18424252A67DA007DEEBC /* LaunchScreen.storyboard */; };
/* End PBXBuildFile section */

/* Begin PBXFileReference section */
		22E18416252A67D8007DEEBC /* screens.app */ = {isa = PBXFileReference; explicitFileType = wrapper.application; includeInIndex = 0; path = screens.app; sourceTree = BUILT_PRODUCTS_DIR; };
		22E18419252A67D8007DEEBC /* AppDelegate.swift */ = {isa = PBXFileReference; lastKnownFileType = sourcecode.swift; path = AppDelegate.swift; sourceTree = "<group>"; };
		22E1841B252A67D8007DEEBC /* SceneDelegate.swift */ = {isa = PBXFileReference; lastKnownFileType = sourcecode.swift; path = SceneDelegate.swift; sourceTree = "<group>"; };
		22E1841D252A67D8007DEEBC /* ContentView.swift */ = {isa = PBXFileReference; lastKnownFileType = sourcecode.swift; path = ContentView.swift; sourceTree = "<group>"; };
		22E1841F252A67DA007DEEBC /* Assets.xcassets */ = {isa = PBXFileReference; lastKnownFileType = folder.assetcatalog; path = Assets.xcassets; sourceTree = "<group>"; };
		22E18422252A67DA007DEEBC /* Preview Assets.xcassets */ = {isa = PBXFileReference; lastKnownFileType = folder.assetcatalog; path = "Preview Assets.xcassets"; sourceTree = "<group>"; };
		22E18425252A67DA007DEEBC /* Base */ = {isa = PBXFileReference; lastKnownFileType = file.storyboard; name = Base; path = Base.lproj/LaunchScreen.storyboard; sourceTree = "<group>"; };
		22E18427252A67DA007DEEBC /* Info.plist */ = {isa = PBXFileReference; lastKnownFileType = text.plist.xml; path = Info.plist; sourceTree = "<group>"; };
/* End PBXFileReference section */

/* Begin PBXFrameworksBuildPhase section */
		22E18413252A67D8007DEEBC /* Frameworks */ = {
			isa = PBXFrameworksBuildPhase;
			buildActionMask = 2147483647;
			files = (
			);
			runOnlyForDeploymentPostprocessing = 0;
		};
/* End PBXFrameworksBuildPhase section */

/* Begin PBXGroup section */
		22E1840D252A67D8007DEEBC = {
			isa = PBXGroup;
			children = (
				22E18418252A67D8007DEEBC /* screens */,
				22E18417252A67D8007DEEBC /* Products */,
			);
			sourceTree = "<group>";
		};
		22E18417252A67D8007DEEBC /* Products */ = {
			isa = PBXGroup;
			children = (
				22E18416252A67D8007DEEBC /* screens.app */,
			);
			name = Products;
			sourceTree = "<group>";
		};
		22E18418252A67D8007DEEBC /* screens */ = {
			isa = PBXGroup;
			children = (
				22E18419252A67D8007DEEBC /* AppDelegate.swift */,
				22E1841B252A67D8007DEEBC /* SceneDelegate.swift */,
				22E1841D252A67D8007DEEBC /* ContentView.swift */,
				22E1841F252A67DA007DEEBC /* Assets.xcassets */,
				22E18424252A67DA007DEEBC /* LaunchScreen.storyboard */,
				22E18427252A67DA007DEEBC /* Info.plist */,
				22E18421252A67DA007DEEBC /* Preview Content */,
			);
			path = screens;
			sourceTree = "<group>";
		};
		22E18421252A67DA007DEEBC /* Preview Content */ = {
			isa = PBXGroup;
			children = (
				22E18422252A67DA007DEEBC /* Preview Assets.xcassets */,
			);
			path = "Preview Content";
			sourceTree = "<group>";
		};
/* End PBXGroup section */

/* Begin PBXNativeTarget section */
		22E18415252A67D8007DEEBC /* screens */ = {
			isa = PBXNativeTarget;
			buildConfigurationList = 22E1842A252A67DA007DEEBC /* Build configuration list for PBXNativeTarget "screens" */;
			buildPhases = (
				22E18412252A67D8007DEEBC /* Sources */,
				22E18413252A67D8007DEEBC /* Frameworks */,
				22E18414252A67D8007DEEBC /* Resources */,
			);
			buildRules = (
			);
			dependencies = (
			);
			name = screens;
			productName = screens;
			productReference = 22E18416252A67D8007DEEBC /* screens.app */;
			productType = "com.apple.product-type.application";
		};
/* End PBXNativeTarget section */

/* Begin PBXProject section */
		22E1840E252A67D8007DEEBC /* Project object */ = {
			isa = PBXProject;
			attributes = {
				LastSwiftUpdateCheck = 1170;
				LastUpgradeCheck = 1170;
				ORGANIZATIONNAME = user182163;
				TargetAttributes = {
					22E18415252A67D8007DEEBC = {
						CreatedOnToolsVersion = 11.7;
					};
				};
			};
			buildConfigurationList = 22E18411252A67D8007DEEBC /* Build configuration list for PBXProject "screens" */;
			compatibilityVersion = "Xcode 9.3";
			developmentRegion = en;
			hasScannedForEncodings = 0;
			knownRegions = (
				en,
				Base,
			);
			mainGroup = 22E1840D252A67D8007DEEBC;
			productRefGroup = 22E18417252A67D8007DEEBC /* Products */;
			projectDirPath = "";
			projectRoot = "";
			targets = (
				22E18415252A67D8007DEEBC /* screens */,
			);
		};
/* End PBXProject section */

/* Begin PBXResourcesBuildPhase section */
		22E18414252A67D8007DEEBC /* Resources */ = {
			isa = PBXResourcesBuildPhase;
			buildActionMask = 2147483647;
			files = (
				22E18426252A67DA007DEEBC /* LaunchScreen.storyboard in Resources */,
				22E18423252A67DA007DEEBC /* Preview Assets.xcassets in Resources */,
				22E18420252A67DA007DEEBC /* Assets.xcassets in Resources */,
			);
			runOnlyForDeploymentPostprocessing = 0;
		};
/* End PBXResourcesBuildPhase section */

/* Begin PBXSourcesBuildPhase section */
		22E18412252A67D8007DEEBC /* Sources */ = {
			isa = PBXSourcesBuildPhase;
			buildActionMask = 2147483647;
			files = (
				22E1841A252A67D8007DEEBC /* AppDelegate.swift in Sources */,
				22E1841C252A67D8007DEEBC /* SceneDelegate.swift in Sources */,
				22E1841E252A67D8007DEEBC /* ContentView.swift in Sources */,
			);
			runOnlyForDeploymentPostprocessing = 0;
		};
/* End PBXSourcesBuildPhase section */

/* Begin PBXVariantGroup section */
		22E18424252A67DA007DEEBC /* LaunchScreen.storyboard */ = {
			isa = PBXVariantGroup;
			children = (
				22E18425252A67DA007DEEBC /* Base */,
			);
			name = LaunchScreen.storyboard;
			sourceTree = "<group>";
		};
/* End PBXVariantGroup section */

/* Begin XCBuildConfiguration section */
		22E18428252A67DA007DEEBC /* Debug */ = {
			isa = XCBuildConfiguration;
			buildSettings = {
				ALWAYS_SEARCH_USER_PATHS = NO;
				CLANG_ANALYZER_NONNULL = YES;
				CLANG_ANALYZER_NUMBER_OBJECT_CONVERSION = YES_AGGRESSIVE;
				CLANG_CXX_LANGUAGE_STANDARD = "gnu++14";
				CLANG_CXX_LIBRARY = "libc++";
				CLANG_ENABLE_MODULES = YES;
				CLANG_ENABLE_OBJC_ARC = YES;
				CLANG_ENABLE_OBJC_WEAK = YES;
				CLANG_WARN_BLOCK_CAPTURE_AUTORELEASING = YES;
				CLANG_WARN_BOOL_CONVERSION = YES;
				CLANG_WARN_COMMA = YES;
				CLANG_WARN_CONSTANT_CONVERSION = YES;
				CLANG_WARN_DEPRECATED_OBJC_IMPLEMENTATIONS = YES;
				CLANG_WARN_DIRECT_OBJC_ISA_USAGE = YES_ERROR;
				CLANG_WARN_DOCUMENTATION_COMMENTS = YES;
				CLANG_WARN_EMPTY_BODY = YES;
				CLANG_WARN_ENUM_CONVERSION = YES;
				CLANG_WARN_INFINITE_RECURSION = YES;
				CLANG_WARN_INT_CONVERSION = YES;
				CLANG_WARN_NON_LITERAL_NULL_CONVERSION = YES;
				CLANG_WARN_OBJC_IMPLICIT_RETAIN_SELF = YES;
				CLANG_WARN_OBJC_LITERAL_CONVERSION = YES;
				CLANG_WARN_OBJC_ROOT_CLASS = YES_ERROR;
				CLANG_WARN_RANGE_LOOP_ANALYSIS = YES;
				CLANG_WARN_STRICT_PROTOTYPES = YES;
				CLANG_WARN_SUSPICIOUS_MOVE = YES;
				CLANG_WARN_UNGUARDED_AVAILABILITY = YES_AGGRESSIVE;
				CLANG_WARN_UNREACHABLE_CODE = YES;
				CLANG_WARN__DUPLICATE_METHOD_MATCH = YES;
				COPY_PHASE_STRIP = NO;
				DEBUG_INFORMATION_FORMAT = dwarf;
				ENABLE_STRICT_OBJC_MSGSEND = YES;
				ENABLE_TESTABILITY = YES;
				GCC_C_LANGUAGE_STANDARD = gnu11;
				GCC_DYNAMIC_NO_PIC = NO;
				GCC_NO_COMMON_BLOCKS = YES;
				GCC_OPTIMIZATION_LEVEL = 0;
				GCC_PREPROCESSOR_DEFINITIONS = (
					"DEBUG=1",
					"$(inherited)",
				);
				GCC_WARN_64_TO_32_BIT_CONVERSION = YES;
				GCC_WARN_ABOUT_RETURN_TYPE = YES_ERROR;
				GCC_WARN_UNDECLARED_SELECTOR = YES;
				GCC_WARN_UNINITIALIZED_AUTOS = YES_AGGRESSIVE;
				GCC_WARN_UNUSED_FUNCTION = YES;
				GCC_WARN_UNUSED_VARIABLE = YES;
				IPHONEOS_DEPLOYMENT_TARGET = 13.7;
				MTL_ENABLE_DEBUG_INFO = INCLUDE_SOURCE;
				MTL_FAST_MATH = YES;
				ONLY_ACTIVE_ARCH = YES;
				SDKROOT = iphoneos;
				SWIFT_ACTIVE_COMPILATION_CONDITIONS = DEBUG;
				SWIFT_OPTIMIZATION_LEVEL = "-Onone";
			};
			name = Debug;
		};
		22E18429252A67DA007DEEBC /* Release */ = {
			isa = XCBuildConfiguration;
			buildSettings = {
				ALWAYS_SEARCH_USER_PATHS = NO;
				CLANG_ANALYZER_NONNULL = YES;
				CLANG_ANALYZER_NUMBER_OBJECT_CONVERSION = YES_AGGRESSIVE;
				CLANG_CXX_LANGUAGE_STANDARD = "gnu++14";
				CLANG_CXX_LIBRARY = "libc++";
				CLANG_ENABLE_MODULES = YES;
				CLANG_ENABLE_OBJC_ARC = YES;
				CLANG_ENABLE_OBJC_WEAK = YES;
				CLANG_WARN_BLOCK_CAPTURE_AUTORELEASING = YES;
				CLANG_WARN_BOOL_CONVERSION = YES;
				CLANG_WARN_COMMA = YES;
				CLANG_WARN_CONSTANT_CONVERSION = YES;
				CLANG_WARN_DEPRECATED_OBJC_IMPLEMENTATIONS = YES;
				CLANG_WARN_DIRECT_OBJC_ISA_USAGE = YES_ERROR;
				CLANG_WARN_DOCUMENTATION_COMMENTS = YES;
				CLANG_WARN_EMPTY_BODY = YES;
				CLANG_WARN_ENUM_CONVERSION = YES;
				CLANG_WARN_INFINITE_RECURSION = YES;
				CLANG_WARN_INT_CONVERSION = YES;
				CLANG_WARN_NON_LITERAL_NULL_CONVERSION = YES;
				CLANG_WARN_OBJC_IMPLICIT_RETAIN_SELF = YES;
				CLANG_WARN_OBJC_LITERAL_CONVERSION = YES;
				CLANG_WARN_OBJC_ROOT_CLASS = YES_ERROR;
				CLANG_WARN_RANGE_LOOP_ANALYSIS = YES;
				CLANG_WARN_STRICT_PROTOTYPES = YES;
				CLANG_WARN_SUSPICIOUS_MOVE = YES;
				CLANG_WARN_UNGUARDED_AVAILABILITY = YES_AGGRESSIVE;
				CLANG_WARN_UNREACHABLE_CODE = YES;
				CLANG_WARN__DUPLICATE_METHOD_MATCH = YES;
				COPY_PHASE_STRIP = NO;
				DEBUG_INFORMATION_FORMAT = "dwarf-with-dsym";
				ENABLE_NS_ASSERTIONS = NO;
				ENABLE_STRICT_OBJC_MSGSEND = YES;
				GCC_C_LANGUAGE_STANDARD = gnu11;
				GCC_NO_COMMON_BLOCKS = YES;
				GCC_WARN_64_TO_32_BIT_CONVERSION = YES;
				GCC_WARN_ABOUT_RETURN_TYPE = YES_ERROR;
				GCC_WARN_UNDECLARED_SELECTOR = YES;
				GCC_WARN_UNINITIALIZED_AUTOS = YES_AGGRESSIVE;
				GCC_WARN_UNUSED_FUNCTION = YES;
				GCC_WARN_UNUSED_VARIABLE = YES;
				IPHONEOS_DEPLOYMENT_TARGET = 13.7;
				MTL_ENABLE_DEBUG_INFO = NO;
				MTL_FAST_MATH = YES;
				SDKROOT = iphoneos;
				SWIFT_COMPILATION_MODE = wholemodule;
				SWIFT_OPTIMIZATION_LEVEL = "-O";
				VALIDATE_PRODUCT = YES;
			};
			name = Release;
		};
		22E1842B252A67DA007DEEBC /* Debug */ = {
			isa = XCBuildConfiguration;
			buildSettings = {
				ASSETCATALOG_COMPILER_APPICON_NAME = AppIcon;
				CODE_SIGN_STYLE = Automatic;
				DEVELOPMENT_ASSET_PATHS = "\"screens/Preview Content\"";
				ENABLE_PREVIEWS = YES;
				INFOPLIST_FILE = screens/Info.plist;
				LD_RUNPATH_SEARCH_PATHS = (
					"$(inherited)",
					"@executable_path/Frameworks",
				);
				PRODUCT_BUNDLE_IDENTIFIER = br.unicamp.lucasJ.screens;
				PRODUCT_NAME = "$(TARGET_NAME)";
				SWIFT_VERSION = 5.0;
				TARGETED_DEVICE_FAMILY = "1,2";
			};
			name = Debug;
		};
		22E1842C252A67DA007DEEBC /* Release */ = {
			isa = XCBuildConfiguration;
			buildSettings = {
				ASSETCATALOG_COMPILER_APPICON_NAME = AppIcon;
				CODE_SIGN_STYLE = Automatic;
				DEVELOPMENT_ASSET_PATHS = "\"screens/Preview Content\"";
				ENABLE_PREVIEWS = YES;
				INFOPLIST_FILE = screens/Info.plist;
				LD_RUNPATH_SEARCH_PATHS = (
					"$(inherited)",
					"@executable_path/Frameworks",
				);
				PRODUCT_BUNDLE_IDENTIFIER = br.unicamp.lucasJ.screens;
				PRODUCT_NAME = "$(TARGET_NAME)";
				SWIFT_VERSION = 5.0;
				TARGETED_DEVICE_FAMILY = "1,2";
			};
			name = Release;
		};
/* End XCBuildConfiguration section */

/* Begin XCConfigurationList section */
		22E18411252A67D8007DEEBC /* Build configuration list for PBXProject "screens" */ = {
			isa = XCConfigurationList;
			buildConfigurations = (
				22E18428252A67DA007DEEBC /* Debug */,
				22E18429252A67DA007DEEBC /* Release */,
			);
			defaultConfigurationIsVisible = 0;
			defaultConfigurationName = Release;
		};
		22E1842A252A67DA007DEEBC /* Build configuration list for PBXNativeTarget "screens" */ = {
			isa = XCConfigurationList;
			buildConfigurations = (
				22E1842B252A67DA007DEEBC /* Debug */,
				22E1842C252A67DA007DEEBC /* Release */,
			);
			defaultConfigurationIsVisible = 0;
			defaultConfigurationName = Release;
		};
/* End XCConfigurationList section */
	};
	rootObject = 22E1840E252A67D8007DEEBC /* Project object */;
}
